
Microsoft Visual Studio Solution File, Format Version 12.00
# Visual Studio 2013
VisualStudioVersion = 12.0.30501.0
MinimumVisualStudioVersion = 10.0.40219.1
Project("{8BC9CEB8-8B4A-11D0-8D11-00A0C91BC942}") = "zApplicationHelpers", "ApplicationHelpers\ApplicationHelpers.vcxproj", "{DDA81122-4CBE-4985-928E-0ABA6CBD160A}"
EndProject
Project("{8BC9CEB8-8B4A-11D0-8D11-00A0C91BC942}") = "zWindowsHelpers", "WindowsHelpers\zWindowsHelpers.vcxproj", "{3407BBC5-5BC7-4BD7-860D-CBC24715737B}"
EndProject
Project("{8BC9CEB8-8B4A-11D0-8D11-00A0C91BC942}") = "Sockets", "Sockets\Sockets.vcxproj", "{CA3129B8-1BF4-44C9-B116-53EC72D0BCCB}"
EndProject
Project("{8BC9CEB8-8B4A-11D0-8D11-00A0C91BC942}") = "Message", "Message\Message.vcxproj", "{FDEB3AE0-A75A-4DE5-B0EC-3D5C9A4DBAEC}"
EndProject
Project("{8BC9CEB8-8B4A-11D0-8D11-00A0C91BC942}") = "Peer", "Peer\Peer.vcxproj", "{944A221C-DBB7-4926-9D33-C00E7A765493}"
EndProject
Project("{8BC9CEB8-8B4A-11D0-8D11-00A0C91BC942}") = "BlockingQueue", "BlockingQueue\BlockingQueue.vcxproj", "{C5260053-1EC5-4256-98F5-42C0318C8676}"
EndProject
Project("{8BC9CEB8-8B4A-11D0-8D11-00A0C91BC942}") = "Executive", "Executive\Executive.vcxproj", "{92A1A41F-153F-4EB9-A65F-6247B38A691D}"
EndProject
Project("{8BC9CEB8-8B4A-11D0-8D11-00A0C91BC942}") = "Display", "Display\Display.vcxproj", "{DCAF622A-779F-4A05-9FAA-7F7B92E60849}"
EndProject
Global
	GlobalSection(SolutionConfigurationPlatforms) = preSolution
		Debug|Win32 = Debug|Win32
		Release|Win32 = Release|Win32
	EndGlobalSection
	GlobalSection(ProjectConfigurationPlatforms) = postSolution
		{DDA81122-4CBE-4985-928E-0ABA6CBD160A}.Debug|Win32.ActiveCfg = Debug|Win32
		{DDA81122-4CBE-4985-928E-0ABA6CBD160A}.Debug|Win32.Build.0 = Debug|Win32
		{DDA81122-4CBE-4985-928E-0ABA6CBD160A}.Release|Win32.ActiveCfg = Release|Win32
		{DDA81122-4CBE-4985-928E-0ABA6CBD160A}.Release|Win32.Build.0 = Release|Win32
		{3407BBC5-5BC7-4BD7-860D-CBC24715737B}.Debug|Win32.ActiveCfg = Debug|Win32
		{3407BBC5-5BC7-4BD7-860D-CBC24715737B}.Debug|Win32.Build.0 = Debug|Win32
		{3407BBC5-5BC7-4BD7-860D-CBC24715737B}.Release|Win32.ActiveCfg = Release|Win32
		{3407BBC5-5BC7-4BD7-860D-CBC24715737B}.Release|Win32.Build.0 = Release|Win32
		{CA3129B8-1BF4-44C9-B116-53EC72D0BCCB}.Debug|Win32.ActiveCfg = Debug|Win32
		{CA3129B8-1BF4-44C9-B116-53EC72D0BCCB}.Debug|Win32.Build.0 = Debug|Win32
		{CA3129B8-1BF4-44C9-B116-53EC72D0BCCB}.Release|Win32.ActiveCfg = Release|Win32
		{CA3129B8-1BF4-44C9-B116-53EC72D0BCCB}.Release|Win32.Build.0 = Release|Win32
		{FDEB3AE0-A75A-4DE5-B0EC-3D5C9A4DBAEC}.Debug|Win32.ActiveCfg = Debug|Win32
		{FDEB3AE0-A75A-4DE5-B0EC-3D5C9A4DBAEC}.Debug|Win32.Build.0 = Debug|Win32
		{FDEB3AE0-A75A-4DE5-B0EC-3D5C9A4DBAEC}.Release|Win32.ActiveCfg = Release|Win32
		{FDEB3AE0-A75A-4DE5-B0EC-3D5C9A4DBAEC}.Release|Win32.Build.0 = Release|Win32
		{944A221C-DBB7-4926-9D33-C00E7A765493}.Debug|Win32.ActiveCfg = Debug|Win32
		{944A221C-DBB7-4926-9D33-C00E7A765493}.Debug|Win32.Build.0 = Debug|Win32
		{944A221C-DBB7-4926-9D33-C00E7A765493}.Release|Win32.ActiveCfg = Release|Win32
		{944A221C-DBB7-4926-9D33-C00E7A765493}.Release|Win32.Build.0 = Release|Win32
		{C5260053-1EC5-4256-98F5-42C0318C8676}.Debug|Win32.ActiveCfg = Debug|Win32
		{C5260053-1EC5-4256-98F5-42C0318C8676}.Debug|Win32.Build.0 = Debug|Win32
		{C5260053-1EC5-4256-98F5-42C0318C8676}.Release|Win32.ActiveCfg = Release|Win32
		{C5260053-1EC5-4256-98F5-42C0318C8676}.Release|Win32.Build.0 = Release|Win32
		{92A1A41F-153F-4EB9-A65F-6247B38A691D}.Debug|Win32.ActiveCfg = Debug|Win32
		{92A1A41F-153F-4EB9-A65F-6247B38A691D}.Debug|Win32.Build.0 = Debug|Win32
		{92A1A41F-153F-4EB9-A65F-6247B38A691D}.Release|Win32.ActiveCfg = Release|Win32
		{92A1A41F-153F-4EB9-A65F-6247B38A691D}.Release|Win32.Build.0 = Release|Win32
		{DCAF622A-779F-4A05-9FAA-7F7B92E60849}.Debug|Win32.ActiveCfg = Debug|Win32
		{DCAF622A-779F-4A05-9FAA-7F7B92E60849}.Debug|Win32.Build.0 = Debug|Win32
		{DCAF622A-779F-4A05-9FAA-7F7B92E60849}.Release|Win32.ActiveCfg = Release|Win32
		{DCAF622A-779F-4A05-9FAA-7F7B92E60849}.Release|Win32.Build.0 = Release|Win32
	EndGlobalSection
	GlobalSection(SolutionProperties) = preSolution
		HideSolutionNode = FALSE
	EndGlobalSection
EndGlobal
